{
  "object": {
    "pins": [
      {
        "package": "CLMDB",
        "repositoryURL": "https://github.com/agisboye/CLMDB.git",
        "state": {
          "branch": null,
          "revision": "24fd75459dd82fee490a2609c80a8def94fc695c",
          "version": "0.9.29"
        }
      },
      {
        "package": "SwiftLMDB",
        "repositoryURL": "https://github.com/agisboye/SwiftLMDB.git",
        "state": {
          "branch": null,
          "revision": "085980b58c47de262face184ee5534caa7710531",
          "version": "2.1.4"
        }
      },
      {
        "package": "SwiftShell",
        "repositoryURL": "https://github.com/kareman/SwiftShell.git",
        "state": {
          "branch": null,
          "revision": "99680b2efc7c7dbcace1da0b3979d266f02e213c",
          "version": "5.1.0"
        }
      },
      {
        "package": "SwiftSoup",
        "repositoryURL": "https://github.com/scinfu/SwiftSoup.git",
        "state": {
          "branch": null,
          "revision": "774dc9c7213085db8aa59595e27c1cd22e428904",
          "version": "2.3.2"
        }
      },
      {
        "package": "SWXMLHash",
        "repositoryURL": "https://github.com/drmohundro/SWXMLHash.git",
        "state": {
          "branch": null,
          "revision": "a4931e5c3bafbedeb1601d3bb76bbe835c6d475a",
          "version": "5.0.1"
        }
      }
    ]
  },
  "version": 1
}
