{
  "object": {
    "pins": [
      {
        "package": "CLMDB",
        "repositoryURL": "https://github.com/agisboye/CLMDB.git",
        "state": {
          "branch": null,
          "revision": "24fd75459dd82fee490a2609c80a8def94fc695c",
          "version": "0.9.29"
        }
      },
      {
        "package": "mustache",
        "repositoryURL": "https://github.com/AlwaysRightInstitute/mustache",
        "state": {
          "branch": null,
          "revision": "880e0eeb5c42f088cbdb6fa6aa313fa41c15bca8",
          "version": "1.0.1"
        }
      },
      {
        "package": "SwiftLMDB",
        "repositoryURL": "https://github.com/agisboye/SwiftLMDB.git",
        "state": {
          "branch": null,
          "revision": "085980b58c47de262face184ee5534caa7710531",
          "version": "2.1.4"
        }
      },
      {
        "package": "SwiftShell",
        "repositoryURL": "https://github.com/kareman/SwiftShell.git",
        "state": {
          "branch": null,
          "revision": "99680b2efc7c7dbcace1da0b3979d266f02e213c",
          "version": "5.1.0"
        }
      },
      {
        "package": "SwiftyUserDefaults",
        "repositoryURL": "https://github.com/sunshinejr/SwiftyUserDefaults",
        "state": {
          "branch": null,
          "revision": "f66bcd04088582c8fbb5cb8554d577e303bae396",
          "version": "5.3.0"
        }
      },
      {
        "package": "SWXMLHash",
        "repositoryURL": "https://github.com/drmohundro/SWXMLHash.git",
        "state": {
          "branch": null,
          "revision": "a4931e5c3bafbedeb1601d3bb76bbe835c6d475a",
          "version": "5.0.1"
        }
      }
    ]
  },
  "version": 1
}
