// !$*UTF8*$!
{
	archiveVersion = 1;
	classes = {
	};
	objectVersion = 52;
	objects = {

/* Begin PBXBuildFile section */
		B403451C25D62B9500C2146D /* ErrorView.swift in Sources */ = {isa = PBXBuildFile; fileRef = B403451B25D62B9500C2146D /* ErrorView.swift */; };
		B40800B926179FB8009ED902 /* AOSEmulatorRuntime in Frameworks */ = {isa = PBXBuildFile; productRef = B40800B826179FB8009ED902 /* AOSEmulatorRuntime */; };
		B40800BD2617AB15009ED902 /* ProxyTypeView.swift in Sources */ = {isa = PBXBuildFile; fileRef = B40800BC2617AB15009ED902 /* ProxyTypeView.swift */; };
		B40800C22617B821009ED902 /* CharlesProxy in Frameworks */ = {isa = PBXBuildFile; productRef = B40800C12617B821009ED902 /* CharlesProxy */; };
		B40800C52617BCBD009ED902 /* HTTPProxyManager in Frameworks */ = {isa = PBXBuildFile; productRef = B40800C42617BCBD009ED902 /* HTTPProxyManager */; };
		B40942C725DB985F005CBEB3 /* AOSEmulator in Frameworks */ = {isa = PBXBuildFile; productRef = B40942C625DB985F005CBEB3 /* AOSEmulator */; };
		B4113DC625DB2A1900B92783 /* IOSConfigureView.swift in Sources */ = {isa = PBXBuildFile; fileRef = B4113DC525DB2A1900B92783 /* IOSConfigureView.swift */; };
		B452EB1D25336CB6003968FC /* AOSEmulatorView.swift in Sources */ = {isa = PBXBuildFile; fileRef = B452EB1C25336CB6003968FC /* AOSEmulatorView.swift */; };
		B4687F3E25E2E0A00090896C /* BigBrother.swift in Sources */ = {isa = PBXBuildFile; fileRef = B4687F3D25E2E0A00090896C /* BigBrother.swift */; };
		B4687F4225E2E61C0090896C /* IOSSimulatorState.swift in Sources */ = {isa = PBXBuildFile; fileRef = B4687F4125E2E61C0090896C /* IOSSimulatorState.swift */; };
		B4773215261908EB000F1245 /* AOSConfigureEmulatorView.swift in Sources */ = {isa = PBXBuildFile; fileRef = B4773214261908EB000F1245 /* AOSConfigureEmulatorView.swift */; };
		B47C937125E99C8700E19602 /* Label.swift in Sources */ = {isa = PBXBuildFile; fileRef = B47C937025E99C8700E19602 /* Label.swift */; };
		B4884EC425DA4CA100FBFAD0 /* ActivityIndicator.swift in Sources */ = {isa = PBXBuildFile; fileRef = B4884EC325DA4CA100FBFAD0 /* ActivityIndicator.swift */; };
		B4884EC825DA4D2B00FBFAD0 /* ImageActivityIndicator.swift in Sources */ = {isa = PBXBuildFile; fileRef = B4884EC725DA4D2B00FBFAD0 /* ImageActivityIndicator.swift */; };
		B4A9769D253114D100962CC1 /* AppDelegate.swift in Sources */ = {isa = PBXBuildFile; fileRef = B4A9769C253114D100962CC1 /* AppDelegate.swift */; };
		B4A9769F253114D100962CC1 /* ContentView.swift in Sources */ = {isa = PBXBuildFile; fileRef = B4A9769E253114D100962CC1 /* ContentView.swift */; };
		B4A976A1253114D200962CC1 /* Assets.xcassets in Resources */ = {isa = PBXBuildFile; fileRef = B4A976A0253114D200962CC1 /* Assets.xcassets */; };
		B4A976A4253114D200962CC1 /* Preview Assets.xcassets in Resources */ = {isa = PBXBuildFile; fileRef = B4A976A3253114D200962CC1 /* Preview Assets.xcassets */; };
		B4A976A7253114D200962CC1 /* Main.storyboard in Resources */ = {isa = PBXBuildFile; fileRef = B4A976A5253114D200962CC1 /* Main.storyboard */; };
		B4AF10942616B8E100808341 /* AOSRuntimeView.swift in Sources */ = {isa = PBXBuildFile; fileRef = B4AF10932616B8E100808341 /* AOSRuntimeView.swift */; };
		B4AF109A2616B98D00808341 /* AOSEmulatorRuntimeState.swift in Sources */ = {isa = PBXBuildFile; fileRef = B4AF10992616B98D00808341 /* AOSEmulatorRuntimeState.swift */; };
		B4DC381125E2E93400E6206A /* AOSEmulatorState.swift in Sources */ = {isa = PBXBuildFile; fileRef = B4DC381025E2E93400E6206A /* AOSEmulatorState.swift */; };
		B4DC381525E2EEAD00E6206A /* NativeButton.swift in Sources */ = {isa = PBXBuildFile; fileRef = B4DC381425E2EEAD00E6206A /* NativeButton.swift */; };
		B4DC381925E2F11000E6206A /* DialogView.swift in Sources */ = {isa = PBXBuildFile; fileRef = B4DC381825E2F11000E6206A /* DialogView.swift */; };
		B4EFC9DB2615317F00483DAD /* PermZoneView.swift in Sources */ = {isa = PBXBuildFile; fileRef = B4EFC9DA2615317F00483DAD /* PermZoneView.swift */; };
		B4EFC9E1261537FD00483DAD /* PermZoneEditor.swift in Sources */ = {isa = PBXBuildFile; fileRef = B4EFC9E0261537FD00483DAD /* PermZoneEditor.swift */; };
		B4EFC9E626153A5800483DAD /* TextArea.swift in Sources */ = {isa = PBXBuildFile; fileRef = B4EFC9E526153A5800483DAD /* TextArea.swift */; };
		B4EFC9FB261544BB00483DAD /* UserDefaults in Frameworks */ = {isa = PBXBuildFile; productRef = B4EFC9FA261544BB00483DAD /* UserDefaults */; };
		B4EFC9FF261544CF00483DAD /* UserSettings.swift in Sources */ = {isa = PBXBuildFile; fileRef = B4EFC9FE261544CF00483DAD /* UserSettings.swift */; };
		B4EFCA032615459400483DAD /* PermZone.swift in Sources */ = {isa = PBXBuildFile; fileRef = B4EFCA022615459400483DAD /* PermZone.swift */; };
		B4EFCA0D2615534000483DAD /* ProxyView.swift in Sources */ = {isa = PBXBuildFile; fileRef = B4EFCA0C2615534000483DAD /* ProxyView.swift */; };
		B4EFCA142615573100483DAD /* MITMProxy in Frameworks */ = {isa = PBXBuildFile; productRef = B4EFCA132615573100483DAD /* MITMProxy */; };
		B4EFCA1C26165C6700483DAD /* ProxyPortView.swift in Sources */ = {isa = PBXBuildFile; fileRef = B4EFCA1B26165C6700483DAD /* ProxyPortView.swift */; };
		B4EFCA2026165DA200483DAD /* MITMProxyState.swift in Sources */ = {isa = PBXBuildFile; fileRef = B4EFCA1F26165DA200483DAD /* MITMProxyState.swift */; };
		B4EFCA262616710700483DAD /* TranslateDefinition.swift in Sources */ = {isa = PBXBuildFile; fileRef = B4EFCA252616710700483DAD /* TranslateDefinition.swift */; };
		B4EFCA2A2616724F00483DAD /* TranslateDefinitionListView.swift in Sources */ = {isa = PBXBuildFile; fileRef = B4EFCA292616724F00483DAD /* TranslateDefinitionListView.swift */; };
		B4EFCA2E261672BC00483DAD /* TranslateView.swift in Sources */ = {isa = PBXBuildFile; fileRef = B4EFCA2D261672BC00483DAD /* TranslateView.swift */; };
		B4F10B5A25DCE5A500D23AFD /* AppView.swift in Sources */ = {isa = PBXBuildFile; fileRef = B4F10B5925DCE5A500D23AFD /* AppView.swift */; };
		B4F10B5E25DCE94D00D23AFD /* IOSAppViewManagerConformance.swift in Sources */ = {isa = PBXBuildFile; fileRef = B4F10B5D25DCE94D00D23AFD /* IOSAppViewManagerConformance.swift */; };
		B4F10B6E25DCF4EF00D23AFD /* AOSAppViewManagerConformance.swift in Sources */ = {isa = PBXBuildFile; fileRef = B4F10B6D25DCF4EF00D23AFD /* AOSAppViewManagerConformance.swift */; };
		B4F3F17C25D5E8F2006ADB7A /* AOSView.swift in Sources */ = {isa = PBXBuildFile; fileRef = B4F3F17B25D5E8F2006ADB7A /* AOSView.swift */; };
		B4F3F18025D5E974006ADB7A /* IOSView.swift in Sources */ = {isa = PBXBuildFile; fileRef = B4F3F17F25D5E974006ADB7A /* IOSView.swift */; };
		B4F3F19425D5FBE5006ADB7A /* IOSSimulatorView.swift in Sources */ = {isa = PBXBuildFile; fileRef = B4F3F19325D5FBE5006ADB7A /* IOSSimulatorView.swift */; };
		B4F7E26425D9D3EF007D118D /* ActivityView.swift in Sources */ = {isa = PBXBuildFile; fileRef = B4F7E26325D9D3EF007D118D /* ActivityView.swift */; };
		B4FC830225DB9B54000E47A7 /* IOSSimulator in Frameworks */ = {isa = PBXBuildFile; productRef = B4FC830125DB9B54000E47A7 /* IOSSimulator */; };
/* End PBXBuildFile section */

/* Begin PBXCopyFilesBuildPhase section */
		B40062352533A68D002E0B2A /* Embed Frameworks */ = {
			isa = PBXCopyFilesBuildPhase;
			buildActionMask = 2147483647;
			dstPath = "";
			dstSubfolderSpec = 10;
			files = (
			);
			name = "Embed Frameworks";
			runOnlyForDeploymentPostprocessing = 0;
		};
/* End PBXCopyFilesBuildPhase section */

/* Begin PBXFileReference section */
		B403451B25D62B9500C2146D /* ErrorView.swift */ = {isa = PBXFileReference; lastKnownFileType = sourcecode.swift; path = ErrorView.swift; sourceTree = "<group>"; };
		B40800BC2617AB15009ED902 /* ProxyTypeView.swift */ = {isa = PBXFileReference; lastKnownFileType = sourcecode.swift; path = ProxyTypeView.swift; sourceTree = "<group>"; };
		B40800C02617B6D6009ED902 /* CharlesProxy */ = {isa = PBXFileReference; lastKnownFileType = folder; path = CharlesProxy; sourceTree = "<group>"; };
		B40800C32617BC10009ED902 /* HTTPProxyManager */ = {isa = PBXFileReference; lastKnownFileType = folder; path = HTTPProxyManager; sourceTree = "<group>"; };
		B40942C325DB97F8005CBEB3 /* AOSEmulator */ = {isa = PBXFileReference; lastKnownFileType = folder; path = AOSEmulator; sourceTree = "<group>"; };
		B4113DC525DB2A1900B92783 /* IOSConfigureView.swift */ = {isa = PBXFileReference; lastKnownFileType = sourcecode.swift; path = IOSConfigureView.swift; sourceTree = "<group>"; };
		B452EB1C25336CB6003968FC /* AOSEmulatorView.swift */ = {isa = PBXFileReference; lastKnownFileType = sourcecode.swift; path = AOSEmulatorView.swift; sourceTree = "<group>"; };
		B4687F3D25E2E0A00090896C /* BigBrother.swift */ = {isa = PBXFileReference; lastKnownFileType = sourcecode.swift; path = BigBrother.swift; sourceTree = "<group>"; };
		B4687F4125E2E61C0090896C /* IOSSimulatorState.swift */ = {isa = PBXFileReference; lastKnownFileType = sourcecode.swift; path = IOSSimulatorState.swift; sourceTree = "<group>"; };
		B4773214261908EB000F1245 /* AOSConfigureEmulatorView.swift */ = {isa = PBXFileReference; lastKnownFileType = sourcecode.swift; path = AOSConfigureEmulatorView.swift; sourceTree = "<group>"; };
		B47C937025E99C8700E19602 /* Label.swift */ = {isa = PBXFileReference; lastKnownFileType = sourcecode.swift; path = Label.swift; sourceTree = "<group>"; };
		B4884EC325DA4CA100FBFAD0 /* ActivityIndicator.swift */ = {isa = PBXFileReference; lastKnownFileType = sourcecode.swift; path = ActivityIndicator.swift; sourceTree = "<group>"; };
		B4884EC725DA4D2B00FBFAD0 /* ImageActivityIndicator.swift */ = {isa = PBXFileReference; lastKnownFileType = sourcecode.swift; path = ImageActivityIndicator.swift; sourceTree = "<group>"; };
		B4A97699253114D100962CC1 /* AOIOMI.app */ = {isa = PBXFileReference; explicitFileType = wrapper.application; includeInIndex = 0; path = AOIOMI.app; sourceTree = BUILT_PRODUCTS_DIR; };
		B4A9769C253114D100962CC1 /* AppDelegate.swift */ = {isa = PBXFileReference; lastKnownFileType = sourcecode.swift; path = AppDelegate.swift; sourceTree = "<group>"; };
		B4A9769E253114D100962CC1 /* ContentView.swift */ = {isa = PBXFileReference; lastKnownFileType = sourcecode.swift; path = ContentView.swift; sourceTree = "<group>"; };
		B4A976A0253114D200962CC1 /* Assets.xcassets */ = {isa = PBXFileReference; lastKnownFileType = folder.assetcatalog; path = Assets.xcassets; sourceTree = "<group>"; };
		B4A976A3253114D200962CC1 /* Preview Assets.xcassets */ = {isa = PBXFileReference; lastKnownFileType = folder.assetcatalog; path = "Preview Assets.xcassets"; sourceTree = "<group>"; };
		B4A976A6253114D200962CC1 /* Base */ = {isa = PBXFileReference; lastKnownFileType = file.storyboard; name = Base; path = Base.lproj/Main.storyboard; sourceTree = "<group>"; };
		B4A976A8253114D200962CC1 /* Info.plist */ = {isa = PBXFileReference; lastKnownFileType = text.plist.xml; path = Info.plist; sourceTree = "<group>"; };
		B4A976A9253114D200962CC1 /* App.entitlements */ = {isa = PBXFileReference; lastKnownFileType = text.plist.entitlements; path = App.entitlements; sourceTree = "<group>"; };
		B4AF108E2616B51A00808341 /* AOSEmulatorRuntime */ = {isa = PBXFileReference; lastKnownFileType = folder; path = AOSEmulatorRuntime; sourceTree = "<group>"; };
		B4AF10932616B8E100808341 /* AOSRuntimeView.swift */ = {isa = PBXFileReference; lastKnownFileType = sourcecode.swift; path = AOSRuntimeView.swift; sourceTree = "<group>"; };
		B4AF10992616B98D00808341 /* AOSEmulatorRuntimeState.swift */ = {isa = PBXFileReference; lastKnownFileType = sourcecode.swift; path = AOSEmulatorRuntimeState.swift; sourceTree = "<group>"; };
		B4DC381025E2E93400E6206A /* AOSEmulatorState.swift */ = {isa = PBXFileReference; lastKnownFileType = sourcecode.swift; path = AOSEmulatorState.swift; sourceTree = "<group>"; };
		B4DC381425E2EEAD00E6206A /* NativeButton.swift */ = {isa = PBXFileReference; lastKnownFileType = sourcecode.swift; path = NativeButton.swift; sourceTree = "<group>"; };
		B4DC381825E2F11000E6206A /* DialogView.swift */ = {isa = PBXFileReference; lastKnownFileType = sourcecode.swift; path = DialogView.swift; sourceTree = "<group>"; };
		B4EFC9DA2615317F00483DAD /* PermZoneView.swift */ = {isa = PBXFileReference; lastKnownFileType = sourcecode.swift; path = PermZoneView.swift; sourceTree = "<group>"; };
		B4EFC9E0261537FD00483DAD /* PermZoneEditor.swift */ = {isa = PBXFileReference; lastKnownFileType = sourcecode.swift; path = PermZoneEditor.swift; sourceTree = "<group>"; };
		B4EFC9E526153A5800483DAD /* TextArea.swift */ = {isa = PBXFileReference; lastKnownFileType = sourcecode.swift; path = TextArea.swift; sourceTree = "<group>"; };
		B4EFC9F72615449300483DAD /* UserDefaults */ = {isa = PBXFileReference; lastKnownFileType = folder; path = UserDefaults; sourceTree = "<group>"; };
		B4EFC9FE261544CF00483DAD /* UserSettings.swift */ = {isa = PBXFileReference; lastKnownFileType = sourcecode.swift; path = UserSettings.swift; sourceTree = "<group>"; };
		B4EFCA022615459400483DAD /* PermZone.swift */ = {isa = PBXFileReference; lastKnownFileType = sourcecode.swift; path = PermZone.swift; sourceTree = "<group>"; };
		B4EFCA0C2615534000483DAD /* ProxyView.swift */ = {isa = PBXFileReference; lastKnownFileType = sourcecode.swift; path = ProxyView.swift; sourceTree = "<group>"; };
		B4EFCA102615572900483DAD /* MITMProxy */ = {isa = PBXFileReference; lastKnownFileType = folder; path = MITMProxy; sourceTree = "<group>"; };
		B4EFCA1B26165C6700483DAD /* ProxyPortView.swift */ = {isa = PBXFileReference; lastKnownFileType = sourcecode.swift; path = ProxyPortView.swift; sourceTree = "<group>"; };
		B4EFCA1F26165DA200483DAD /* MITMProxyState.swift */ = {isa = PBXFileReference; lastKnownFileType = sourcecode.swift; path = MITMProxyState.swift; sourceTree = "<group>"; };
		B4EFCA252616710700483DAD /* TranslateDefinition.swift */ = {isa = PBXFileReference; fileEncoding = 4; lastKnownFileType = sourcecode.swift; path = TranslateDefinition.swift; sourceTree = "<group>"; };
		B4EFCA292616724F00483DAD /* TranslateDefinitionListView.swift */ = {isa = PBXFileReference; fileEncoding = 4; lastKnownFileType = sourcecode.swift; path = TranslateDefinitionListView.swift; sourceTree = "<group>"; };
		B4EFCA2D261672BC00483DAD /* TranslateView.swift */ = {isa = PBXFileReference; lastKnownFileType = sourcecode.swift; path = TranslateView.swift; sourceTree = "<group>"; };
		B4F10B5925DCE5A500D23AFD /* AppView.swift */ = {isa = PBXFileReference; lastKnownFileType = sourcecode.swift; path = AppView.swift; sourceTree = "<group>"; };
		B4F10B5D25DCE94D00D23AFD /* IOSAppViewManagerConformance.swift */ = {isa = PBXFileReference; lastKnownFileType = sourcecode.swift; path = IOSAppViewManagerConformance.swift; sourceTree = "<group>"; };
		B4F10B6D25DCF4EF00D23AFD /* AOSAppViewManagerConformance.swift */ = {isa = PBXFileReference; lastKnownFileType = sourcecode.swift; path = AOSAppViewManagerConformance.swift; sourceTree = "<group>"; };
		B4F3F17B25D5E8F2006ADB7A /* AOSView.swift */ = {isa = PBXFileReference; lastKnownFileType = sourcecode.swift; path = AOSView.swift; sourceTree = "<group>"; };
		B4F3F17F25D5E974006ADB7A /* IOSView.swift */ = {isa = PBXFileReference; lastKnownFileType = sourcecode.swift; path = IOSView.swift; sourceTree = "<group>"; };
		B4F3F19325D5FBE5006ADB7A /* IOSSimulatorView.swift */ = {isa = PBXFileReference; lastKnownFileType = sourcecode.swift; path = IOSSimulatorView.swift; sourceTree = "<group>"; };
		B4F7E26325D9D3EF007D118D /* ActivityView.swift */ = {isa = PBXFileReference; fileEncoding = 4; lastKnownFileType = sourcecode.swift; path = ActivityView.swift; sourceTree = "<group>"; };
		B4FC82FC25DB9AF4000E47A7 /* IOSSimulator */ = {isa = PBXFileReference; lastKnownFileType = folder; path = IOSSimulator; sourceTree = "<group>"; };
/* End PBXFileReference section */

/* Begin PBXFrameworksBuildPhase section */
		B4A97696253114D100962CC1 /* Frameworks */ = {
			isa = PBXFrameworksBuildPhase;
			buildActionMask = 2147483647;
			files = (
				B4EFCA142615573100483DAD /* MITMProxy in Frameworks */,
				B40942C725DB985F005CBEB3 /* AOSEmulator in Frameworks */,
				B4FC830225DB9B54000E47A7 /* IOSSimulator in Frameworks */,
				B40800B926179FB8009ED902 /* AOSEmulatorRuntime in Frameworks */,
				B40800C22617B821009ED902 /* CharlesProxy in Frameworks */,
				B4EFC9FB261544BB00483DAD /* UserDefaults in Frameworks */,
				B40800C52617BCBD009ED902 /* HTTPProxyManager in Frameworks */,
			);
			runOnlyForDeploymentPostprocessing = 0;
		};
/* End PBXFrameworksBuildPhase section */

/* Begin PBXGroup section */
		B403452725D71B9800C2146D /* AOS */ = {
			isa = PBXGroup;
			children = (
				B4F3F17B25D5E8F2006ADB7A /* AOSView.swift */,
				B4AF10932616B8E100808341 /* AOSRuntimeView.swift */,
				B452EB1C25336CB6003968FC /* AOSEmulatorView.swift */,
				B4773214261908EB000F1245 /* AOSConfigureEmulatorView.swift */,
				B4DC381025E2E93400E6206A /* AOSEmulatorState.swift */,
				B4F10B6D25DCF4EF00D23AFD /* AOSAppViewManagerConformance.swift */,
				B4AF10992616B98D00808341 /* AOSEmulatorRuntimeState.swift */,
			);
			path = AOS;
			sourceTree = "<group>";
		};
		B4A97690253114D100962CC1 = {
			isa = PBXGroup;
			children = (
				B40800C32617BC10009ED902 /* HTTPProxyManager */,
				B40800C02617B6D6009ED902 /* CharlesProxy */,
				B4AF108E2616B51A00808341 /* AOSEmulatorRuntime */,
				B4EFCA102615572900483DAD /* MITMProxy */,
				B4EFC9F72615449300483DAD /* UserDefaults */,
				B4FC82FC25DB9AF4000E47A7 /* IOSSimulator */,
				B40942C325DB97F8005CBEB3 /* AOSEmulator */,
				B4A9769B253114D100962CC1 /* App */,
				B4A9769A253114D100962CC1 /* Products */,
				B4A976CF2531160300962CC1 /* Frameworks */,
			);
			sourceTree = "<group>";
		};
		B4A9769A253114D100962CC1 /* Products */ = {
			isa = PBXGroup;
			children = (
				B4A97699253114D100962CC1 /* AOIOMI.app */,
			);
			name = Products;
			sourceTree = "<group>";
		};
		B4A9769B253114D100962CC1 /* App */ = {
			isa = PBXGroup;
			children = (
				B4A9769C253114D100962CC1 /* AppDelegate.swift */,
				B4687F3D25E2E0A00090896C /* BigBrother.swift */,
				B4A9769E253114D100962CC1 /* ContentView.swift */,
				B4EFC9FE261544CF00483DAD /* UserSettings.swift */,
				B4EFC9D92615315A00483DAD /* Proxy */,
				B403452725D71B9800C2146D /* AOS */,
				B4F3F18525D5EE22006ADB7A /* iOS */,
				B4F7E26325D9D3EF007D118D /* ActivityView.swift */,
				B47C937025E99C8700E19602 /* Label.swift */,
				B4EFC9E526153A5800483DAD /* TextArea.swift */,
				B4884EC325DA4CA100FBFAD0 /* ActivityIndicator.swift */,
				B4F10B5925DCE5A500D23AFD /* AppView.swift */,
				B40800BC2617AB15009ED902 /* ProxyTypeView.swift */,
				B4DC381425E2EEAD00E6206A /* NativeButton.swift */,
				B4DC381825E2F11000E6206A /* DialogView.swift */,
				B4884EC725DA4D2B00FBFAD0 /* ImageActivityIndicator.swift */,
				B403451B25D62B9500C2146D /* ErrorView.swift */,
				B4A976A0253114D200962CC1 /* Assets.xcassets */,
				B4A976A5253114D200962CC1 /* Main.storyboard */,
				B4A976A8253114D200962CC1 /* Info.plist */,
				B4A976A9253114D200962CC1 /* App.entitlements */,
				B4A976A2253114D200962CC1 /* Preview Content */,
			);
			path = App;
			sourceTree = "<group>";
		};
		B4A976A2253114D200962CC1 /* Preview Content */ = {
			isa = PBXGroup;
			children = (
				B4A976A3253114D200962CC1 /* Preview Assets.xcassets */,
			);
			path = "Preview Content";
			sourceTree = "<group>";
		};
		B4A976CF2531160300962CC1 /* Frameworks */ = {
			isa = PBXGroup;
			children = (
			);
			name = Frameworks;
			sourceTree = "<group>";
		};
		B4EFC9D92615315A00483DAD /* Proxy */ = {
			isa = PBXGroup;
			children = (
				B4EFC9DA2615317F00483DAD /* PermZoneView.swift */,
				B4EFC9E0261537FD00483DAD /* PermZoneEditor.swift */,
				B4EFCA022615459400483DAD /* PermZone.swift */,
				B4EFCA0C2615534000483DAD /* ProxyView.swift */,
				B4EFCA1B26165C6700483DAD /* ProxyPortView.swift */,
				B4EFCA1F26165DA200483DAD /* MITMProxyState.swift */,
				B4EFCA252616710700483DAD /* TranslateDefinition.swift */,
				B4EFCA292616724F00483DAD /* TranslateDefinitionListView.swift */,
				B4EFCA2D261672BC00483DAD /* TranslateView.swift */,
			);
			path = Proxy;
			sourceTree = "<group>";
		};
		B4F3F18525D5EE22006ADB7A /* iOS */ = {
			isa = PBXGroup;
			children = (
				B4F3F17F25D5E974006ADB7A /* IOSView.swift */,
				B4113DC525DB2A1900B92783 /* IOSConfigureView.swift */,
				B4F3F19325D5FBE5006ADB7A /* IOSSimulatorView.swift */,
				B4F10B5D25DCE94D00D23AFD /* IOSAppViewManagerConformance.swift */,
				B4687F4125E2E61C0090896C /* IOSSimulatorState.swift */,
			);
			path = iOS;
			sourceTree = "<group>";
		};
/* End PBXGroup section */

/* Begin PBXNativeTarget section */
		B4A97698253114D100962CC1 /* AOIOMI */ = {
			isa = PBXNativeTarget;
			buildConfigurationList = B4A976C2253114D300962CC1 /* Build configuration list for PBXNativeTarget "AOIOMI" */;
			buildPhases = (
				B4A97695253114D100962CC1 /* Sources */,
				B4A97696253114D100962CC1 /* Frameworks */,
				B4A97697253114D100962CC1 /* Resources */,
				B40062352533A68D002E0B2A /* Embed Frameworks */,
			);
			buildRules = (
			);
			dependencies = (
			);
			name = AOIOMI;
			packageProductDependencies = (
				B40942C625DB985F005CBEB3 /* AOSEmulator */,
				B4FC830125DB9B54000E47A7 /* IOSSimulator */,
				B4EFC9FA261544BB00483DAD /* UserDefaults */,
				B4EFCA132615573100483DAD /* MITMProxy */,
				B40800B826179FB8009ED902 /* AOSEmulatorRuntime */,
				B40800C12617B821009ED902 /* CharlesProxy */,
				B40800C42617BCBD009ED902 /* HTTPProxyManager */,
			);
			productName = AOIOMI;
			productReference = B4A97699253114D100962CC1 /* AOIOMI.app */;
			productType = "com.apple.product-type.application";
		};
/* End PBXNativeTarget section */

/* Begin PBXProject section */
		B4A97691253114D100962CC1 /* Project object */ = {
			isa = PBXProject;
			attributes = {
				LastSwiftUpdateCheck = 1200;
				LastUpgradeCheck = 1200;
				TargetAttributes = {
					B4A97698253114D100962CC1 = {
						CreatedOnToolsVersion = 12.0.1;
					};
				};
			};
			buildConfigurationList = B4A97694253114D100962CC1 /* Build configuration list for PBXProject "AOIOMI" */;
			compatibilityVersion = "Xcode 9.3";
			developmentRegion = en;
			hasScannedForEncodings = 0;
			knownRegions = (
				en,
				Base,
			);
			mainGroup = B4A97690253114D100962CC1;
			productRefGroup = B4A9769A253114D100962CC1 /* Products */;
			projectDirPath = "";
			projectRoot = "";
			targets = (
				B4A97698253114D100962CC1 /* AOIOMI */,
			);
		};
/* End PBXProject section */

/* Begin PBXResourcesBuildPhase section */
		B4A97697253114D100962CC1 /* Resources */ = {
			isa = PBXResourcesBuildPhase;
			buildActionMask = 2147483647;
			files = (
				B4A976A7253114D200962CC1 /* Main.storyboard in Resources */,
				B4A976A4253114D200962CC1 /* Preview Assets.xcassets in Resources */,
				B4A976A1253114D200962CC1 /* Assets.xcassets in Resources */,
			);
			runOnlyForDeploymentPostprocessing = 0;
		};
/* End PBXResourcesBuildPhase section */

/* Begin PBXSourcesBuildPhase section */
		B4A97695253114D100962CC1 /* Sources */ = {
			isa = PBXSourcesBuildPhase;
			buildActionMask = 2147483647;
			files = (
				B4884EC825DA4D2B00FBFAD0 /* ImageActivityIndicator.swift in Sources */,
				B4F10B6E25DCF4EF00D23AFD /* AOSAppViewManagerConformance.swift in Sources */,
				B4AF109A2616B98D00808341 /* AOSEmulatorRuntimeState.swift in Sources */,
				B4F10B5A25DCE5A500D23AFD /* AppView.swift in Sources */,
				B4EFC9E1261537FD00483DAD /* PermZoneEditor.swift in Sources */,
				B4EFCA262616710700483DAD /* TranslateDefinition.swift in Sources */,
				B452EB1D25336CB6003968FC /* AOSEmulatorView.swift in Sources */,
				B4F3F18025D5E974006ADB7A /* IOSView.swift in Sources */,
				B4687F4225E2E61C0090896C /* IOSSimulatorState.swift in Sources */,
				B4EFC9E626153A5800483DAD /* TextArea.swift in Sources */,
				B4113DC625DB2A1900B92783 /* IOSConfigureView.swift in Sources */,
				B4EFCA2E261672BC00483DAD /* TranslateView.swift in Sources */,
				B4A9769F253114D100962CC1 /* ContentView.swift in Sources */,
				B4F7E26425D9D3EF007D118D /* ActivityView.swift in Sources */,
				B4DC381125E2E93400E6206A /* AOSEmulatorState.swift in Sources */,
				B47C937125E99C8700E19602 /* Label.swift in Sources */,
				B4F3F17C25D5E8F2006ADB7A /* AOSView.swift in Sources */,
				B4DC381525E2EEAD00E6206A /* NativeButton.swift in Sources */,
				B4EFCA2026165DA200483DAD /* MITMProxyState.swift in Sources */,
				B40800BD2617AB15009ED902 /* ProxyTypeView.swift in Sources */,
				B4773215261908EB000F1245 /* AOSConfigureEmulatorView.swift in Sources */,
				B4EFCA032615459400483DAD /* PermZone.swift in Sources */,
				B4A9769D253114D100962CC1 /* AppDelegate.swift in Sources */,
				B4DC381925E2F11000E6206A /* DialogView.swift in Sources */,
				B4EFC9DB2615317F00483DAD /* PermZoneView.swift in Sources */,
				B4687F3E25E2E0A00090896C /* BigBrother.swift in Sources */,
				B4EFCA0D2615534000483DAD /* ProxyView.swift in Sources */,
				B4F10B5E25DCE94D00D23AFD /* IOSAppViewManagerConformance.swift in Sources */,
				B4AF10942616B8E100808341 /* AOSRuntimeView.swift in Sources */,
				B4EFCA1C26165C6700483DAD /* ProxyPortView.swift in Sources */,
				B403451C25D62B9500C2146D /* ErrorView.swift in Sources */,
				B4F3F19425D5FBE5006ADB7A /* IOSSimulatorView.swift in Sources */,
				B4EFC9FF261544CF00483DAD /* UserSettings.swift in Sources */,
				B4EFCA2A2616724F00483DAD /* TranslateDefinitionListView.swift in Sources */,
				B4884EC425DA4CA100FBFAD0 /* ActivityIndicator.swift in Sources */,
			);
			runOnlyForDeploymentPostprocessing = 0;
		};
/* End PBXSourcesBuildPhase section */

/* Begin PBXVariantGroup section */
		B4A976A5253114D200962CC1 /* Main.storyboard */ = {
			isa = PBXVariantGroup;
			children = (
				B4A976A6253114D200962CC1 /* Base */,
			);
			name = Main.storyboard;
			sourceTree = "<group>";
		};
/* End PBXVariantGroup section */

/* Begin XCBuildConfiguration section */
		B4A976C0253114D300962CC1 /* Debug */ = {
			isa = XCBuildConfiguration;
			buildSettings = {
				ALWAYS_SEARCH_USER_PATHS = NO;
				CLANG_ANALYZER_NONNULL = YES;
				CLANG_ANALYZER_NUMBER_OBJECT_CONVERSION = YES_AGGRESSIVE;
				CLANG_CXX_LANGUAGE_STANDARD = "gnu++14";
				CLANG_CXX_LIBRARY = "libc++";
				CLANG_ENABLE_MODULES = YES;
				CLANG_ENABLE_OBJC_ARC = YES;
				CLANG_ENABLE_OBJC_WEAK = YES;
				CLANG_WARN_BLOCK_CAPTURE_AUTORELEASING = YES;
				CLANG_WARN_BOOL_CONVERSION = YES;
				CLANG_WARN_COMMA = YES;
				CLANG_WARN_CONSTANT_CONVERSION = YES;
				CLANG_WARN_DEPRECATED_OBJC_IMPLEMENTATIONS = YES;
				CLANG_WARN_DIRECT_OBJC_ISA_USAGE = YES_ERROR;
				CLANG_WARN_DOCUMENTATION_COMMENTS = YES;
				CLANG_WARN_EMPTY_BODY = YES;
				CLANG_WARN_ENUM_CONVERSION = YES;
				CLANG_WARN_INFINITE_RECURSION = YES;
				CLANG_WARN_INT_CONVERSION = YES;
				CLANG_WARN_NON_LITERAL_NULL_CONVERSION = YES;
				CLANG_WARN_OBJC_IMPLICIT_RETAIN_SELF = YES;
				CLANG_WARN_OBJC_LITERAL_CONVERSION = YES;
				CLANG_WARN_OBJC_ROOT_CLASS = YES_ERROR;
				CLANG_WARN_QUOTED_INCLUDE_IN_FRAMEWORK_HEADER = YES;
				CLANG_WARN_RANGE_LOOP_ANALYSIS = YES;
				CLANG_WARN_STRICT_PROTOTYPES = YES;
				CLANG_WARN_SUSPICIOUS_MOVE = YES;
				CLANG_WARN_UNGUARDED_AVAILABILITY = YES_AGGRESSIVE;
				CLANG_WARN_UNREACHABLE_CODE = YES;
				CLANG_WARN__DUPLICATE_METHOD_MATCH = YES;
				COPY_PHASE_STRIP = NO;
				DEBUG_INFORMATION_FORMAT = dwarf;
				ENABLE_STRICT_OBJC_MSGSEND = YES;
				ENABLE_TESTABILITY = YES;
				GCC_C_LANGUAGE_STANDARD = gnu11;
				GCC_DYNAMIC_NO_PIC = NO;
				GCC_NO_COMMON_BLOCKS = YES;
				GCC_OPTIMIZATION_LEVEL = 0;
				GCC_PREPROCESSOR_DEFINITIONS = (
					"DEBUG=1",
					"$(inherited)",
				);
				GCC_WARN_64_TO_32_BIT_CONVERSION = YES;
				GCC_WARN_ABOUT_RETURN_TYPE = YES_ERROR;
				GCC_WARN_UNDECLARED_SELECTOR = YES;
				GCC_WARN_UNINITIALIZED_AUTOS = YES_AGGRESSIVE;
				GCC_WARN_UNUSED_FUNCTION = YES;
				GCC_WARN_UNUSED_VARIABLE = YES;
				MACOSX_DEPLOYMENT_TARGET = 10.15;
				MTL_ENABLE_DEBUG_INFO = INCLUDE_SOURCE;
				MTL_FAST_MATH = YES;
				ONLY_ACTIVE_ARCH = YES;
				SDKROOT = macosx;
				SWIFT_ACTIVE_COMPILATION_CONDITIONS = DEBUG;
				SWIFT_OPTIMIZATION_LEVEL = "-Onone";
			};
			name = Debug;
		};
		B4A976C1253114D300962CC1 /* Release */ = {
			isa = XCBuildConfiguration;
			buildSettings = {
				ALWAYS_SEARCH_USER_PATHS = NO;
				CLANG_ANALYZER_NONNULL = YES;
				CLANG_ANALYZER_NUMBER_OBJECT_CONVERSION = YES_AGGRESSIVE;
				CLANG_CXX_LANGUAGE_STANDARD = "gnu++14";
				CLANG_CXX_LIBRARY = "libc++";
				CLANG_ENABLE_MODULES = YES;
				CLANG_ENABLE_OBJC_ARC = YES;
				CLANG_ENABLE_OBJC_WEAK = YES;
				CLANG_WARN_BLOCK_CAPTURE_AUTORELEASING = YES;
				CLANG_WARN_BOOL_CONVERSION = YES;
				CLANG_WARN_COMMA = YES;
				CLANG_WARN_CONSTANT_CONVERSION = YES;
				CLANG_WARN_DEPRECATED_OBJC_IMPLEMENTATIONS = YES;
				CLANG_WARN_DIRECT_OBJC_ISA_USAGE = YES_ERROR;
				CLANG_WARN_DOCUMENTATION_COMMENTS = YES;
				CLANG_WARN_EMPTY_BODY = YES;
				CLANG_WARN_ENUM_CONVERSION = YES;
				CLANG_WARN_INFINITE_RECURSION = YES;
				CLANG_WARN_INT_CONVERSION = YES;
				CLANG_WARN_NON_LITERAL_NULL_CONVERSION = YES;
				CLANG_WARN_OBJC_IMPLICIT_RETAIN_SELF = YES;
				CLANG_WARN_OBJC_LITERAL_CONVERSION = YES;
				CLANG_WARN_OBJC_ROOT_CLASS = YES_ERROR;
				CLANG_WARN_QUOTED_INCLUDE_IN_FRAMEWORK_HEADER = YES;
				CLANG_WARN_RANGE_LOOP_ANALYSIS = YES;
				CLANG_WARN_STRICT_PROTOTYPES = YES;
				CLANG_WARN_SUSPICIOUS_MOVE = YES;
				CLANG_WARN_UNGUARDED_AVAILABILITY = YES_AGGRESSIVE;
				CLANG_WARN_UNREACHABLE_CODE = YES;
				CLANG_WARN__DUPLICATE_METHOD_MATCH = YES;
				COPY_PHASE_STRIP = NO;
				DEBUG_INFORMATION_FORMAT = "dwarf-with-dsym";
				ENABLE_NS_ASSERTIONS = NO;
				ENABLE_STRICT_OBJC_MSGSEND = YES;
				GCC_C_LANGUAGE_STANDARD = gnu11;
				GCC_NO_COMMON_BLOCKS = YES;
				GCC_WARN_64_TO_32_BIT_CONVERSION = YES;
				GCC_WARN_ABOUT_RETURN_TYPE = YES_ERROR;
				GCC_WARN_UNDECLARED_SELECTOR = YES;
				GCC_WARN_UNINITIALIZED_AUTOS = YES_AGGRESSIVE;
				GCC_WARN_UNUSED_FUNCTION = YES;
				GCC_WARN_UNUSED_VARIABLE = YES;
				MACOSX_DEPLOYMENT_TARGET = 10.15;
				MTL_ENABLE_DEBUG_INFO = NO;
				MTL_FAST_MATH = YES;
				SDKROOT = macosx;
				SWIFT_COMPILATION_MODE = wholemodule;
				SWIFT_OPTIMIZATION_LEVEL = "-O";
			};
			name = Release;
		};
		B4A976C3253114D300962CC1 /* Debug */ = {
			isa = XCBuildConfiguration;
			buildSettings = {
				ASSETCATALOG_COMPILER_APPICON_NAME = AppIcon;
				ASSETCATALOG_COMPILER_GLOBAL_ACCENT_COLOR_NAME = AccentColor;
				CODE_SIGN_ENTITLEMENTS = App/App.entitlements;
				CODE_SIGN_IDENTITY = "-";
				CODE_SIGN_STYLE = Automatic;
				COMBINE_HIDPI_IMAGES = YES;
				CURRENT_PROJECT_VERSION = 8;
				DEVELOPMENT_ASSET_PATHS = "\"App/Preview Content\"";
				DEVELOPMENT_TEAM = HKRVRL538S;
				ENABLE_PREVIEWS = YES;
				FRAMEWORK_SEARCH_PATHS = "$(inherited)";
				INFOPLIST_FILE = App/Info.plist;
				LD_RUNPATH_SEARCH_PATHS = (
					"$(inherited)",
					"@executable_path/../Frameworks",
				);
				MACOSX_DEPLOYMENT_TARGET = 10.15;
				MARKETING_VERSION = 0.6;
				PRODUCT_BUNDLE_IDENTIFIER = net.coupang.AOIOMI;
				PRODUCT_NAME = "$(TARGET_NAME)";
				SWIFT_VERSION = 5.0;
			};
			name = Debug;
		};
		B4A976C4253114D300962CC1 /* Release */ = {
			isa = XCBuildConfiguration;
			buildSettings = {
				ASSETCATALOG_COMPILER_APPICON_NAME = AppIcon;
				ASSETCATALOG_COMPILER_GLOBAL_ACCENT_COLOR_NAME = AccentColor;
				CODE_SIGN_ENTITLEMENTS = App/App.entitlements;
				CODE_SIGN_IDENTITY = "-";
				CODE_SIGN_STYLE = Automatic;
				COMBINE_HIDPI_IMAGES = YES;
				CURRENT_PROJECT_VERSION = 8;
				DEVELOPMENT_ASSET_PATHS = "\"App/Preview Content\"";
				DEVELOPMENT_TEAM = HKRVRL538S;
				ENABLE_PREVIEWS = YES;
				FRAMEWORK_SEARCH_PATHS = "$(inherited)";
				INFOPLIST_FILE = App/Info.plist;
				LD_RUNPATH_SEARCH_PATHS = (
					"$(inherited)",
					"@executable_path/../Frameworks",
				);
				MACOSX_DEPLOYMENT_TARGET = 10.15;
				MARKETING_VERSION = 0.6;
				PRODUCT_BUNDLE_IDENTIFIER = net.coupang.AOIOMI;
				PRODUCT_NAME = "$(TARGET_NAME)";
				SWIFT_VERSION = 5.0;
			};
			name = Release;
		};
/* End XCBuildConfiguration section */

/* Begin XCConfigurationList section */
		B4A97694253114D100962CC1 /* Build configuration list for PBXProject "AOIOMI" */ = {
			isa = XCConfigurationList;
			buildConfigurations = (
				B4A976C0253114D300962CC1 /* Debug */,
				B4A976C1253114D300962CC1 /* Release */,
			);
			defaultConfigurationIsVisible = 0;
			defaultConfigurationName = Release;
		};
		B4A976C2253114D300962CC1 /* Build configuration list for PBXNativeTarget "AOIOMI" */ = {
			isa = XCConfigurationList;
			buildConfigurations = (
				B4A976C3253114D300962CC1 /* Debug */,
				B4A976C4253114D300962CC1 /* Release */,
			);
			defaultConfigurationIsVisible = 0;
			defaultConfigurationName = Release;
		};
/* End XCConfigurationList section */

/* Begin XCSwiftPackageProductDependency section */
		B40800B826179FB8009ED902 /* AOSEmulatorRuntime */ = {
			isa = XCSwiftPackageProductDependency;
			productName = AOSEmulatorRuntime;
		};
		B40800C12617B821009ED902 /* CharlesProxy */ = {
			isa = XCSwiftPackageProductDependency;
			productName = CharlesProxy;
		};
		B40800C42617BCBD009ED902 /* HTTPProxyManager */ = {
			isa = XCSwiftPackageProductDependency;
			productName = HTTPProxyManager;
		};
		B40942C625DB985F005CBEB3 /* AOSEmulator */ = {
			isa = XCSwiftPackageProductDependency;
			productName = AOSEmulator;
		};
		B4EFC9FA261544BB00483DAD /* UserDefaults */ = {
			isa = XCSwiftPackageProductDependency;
			productName = UserDefaults;
		};
		B4EFCA132615573100483DAD /* MITMProxy */ = {
			isa = XCSwiftPackageProductDependency;
			productName = MITMProxy;
		};
		B4FC830125DB9B54000E47A7 /* IOSSimulator */ = {
			isa = XCSwiftPackageProductDependency;
			productName = IOSSimulator;
		};
/* End XCSwiftPackageProductDependency section */
	};
	rootObject = B4A97691253114D100962CC1 /* Project object */;
}
